
Microsoft Visual Studio Solution File, Format Version 12.00
# Visual Studio Version 17
VisualStudioVersion = 17.5.33516.290
MinimumVisualStudioVersion = 10.0.40219.1
Project("{FAE04EC0-301F-11D3-BF4B-00C04F79EFBC}") = "E-Commerce", "E-Commerce\E-Commerce.csproj", "{4A676A2A-E71A-4826-8FCC-0C5AA1453A2A}"
EndProject
Project("{FAE04EC0-301F-11D3-BF4B-00C04F79EFBC}") = "Entities", "Entities\Entities.csproj", "{3842EC05-633E-41DC-90EB-7D5E4B814CE8}"
EndProject
Project("{FAE04EC0-301F-11D3-BF4B-00C04F79EFBC}") = "Interfaces", "Interfaces\Interfaces.csproj", "{2A608657-6333-447C-AB14-4155FA903D74}"
EndProject
Project("{FAE04EC0-301F-11D3-BF4B-00C04F79EFBC}") = "Repository", "Repository\Repository.csproj", "{DB1E1ED2-CE17-4006-8CE5-9C6163AED180}"
EndProject
Project("{FAE04EC0-301F-11D3-BF4B-00C04F79EFBC}") = "Services", "Services\Services.csproj", "{84CCC2F9-5513-4412-BC77-F28676A23BA1}"
EndProject
Global
	GlobalSection(SolutionConfigurationPlatforms) = preSolution
		Debug|Any CPU = Debug|Any CPU
		Release|Any CPU = Release|Any CPU
	EndGlobalSection
	GlobalSection(ProjectConfigurationPlatforms) = postSolution
		{4A676A2A-E71A-4826-8FCC-0C5AA1453A2A}.Debug|Any CPU.ActiveCfg = Debug|Any CPU
		{4A676A2A-E71A-4826-8FCC-0C5AA1453A2A}.Debug|Any CPU.Build.0 = Debug|Any CPU
		{4A676A2A-E71A-4826-8FCC-0C5AA1453A2A}.Release|Any CPU.ActiveCfg = Release|Any CPU
		{4A676A2A-E71A-4826-8FCC-0C5AA1453A2A}.Release|Any CPU.Build.0 = Release|Any CPU
		{3842EC05-633E-41DC-90EB-7D5E4B814CE8}.Debug|Any CPU.ActiveCfg = Debug|Any CPU
		{3842EC05-633E-41DC-90EB-7D5E4B814CE8}.Debug|Any CPU.Build.0 = Debug|Any CPU
		{3842EC05-633E-41DC-90EB-7D5E4B814CE8}.Release|Any CPU.ActiveCfg = Release|Any CPU
		{3842EC05-633E-41DC-90EB-7D5E4B814CE8}.Release|Any CPU.Build.0 = Release|Any CPU
		{2A608657-6333-447C-AB14-4155FA903D74}.Debug|Any CPU.ActiveCfg = Debug|Any CPU
		{2A608657-6333-447C-AB14-4155FA903D74}.Debug|Any CPU.Build.0 = Debug|Any CPU
		{2A608657-6333-447C-AB14-4155FA903D74}.Release|Any CPU.ActiveCfg = Release|Any CPU
		{2A608657-6333-447C-AB14-4155FA903D74}.Release|Any CPU.Build.0 = Release|Any CPU
		{DB1E1ED2-CE17-4006-8CE5-9C6163AED180}.Debug|Any CPU.ActiveCfg = Debug|Any CPU
		{DB1E1ED2-CE17-4006-8CE5-9C6163AED180}.Debug|Any CPU.Build.0 = Debug|Any CPU
		{DB1E1ED2-CE17-4006-8CE5-9C6163AED180}.Release|Any CPU.ActiveCfg = Release|Any CPU
		{DB1E1ED2-CE17-4006-8CE5-9C6163AED180}.Release|Any CPU.Build.0 = Release|Any CPU
		{84CCC2F9-5513-4412-BC77-F28676A23BA1}.Debug|Any CPU.ActiveCfg = Debug|Any CPU
		{84CCC2F9-5513-4412-BC77-F28676A23BA1}.Debug|Any CPU.Build.0 = Debug|Any CPU
		{84CCC2F9-5513-4412-BC77-F28676A23BA1}.Release|Any CPU.ActiveCfg = Release|Any CPU
		{84CCC2F9-5513-4412-BC77-F28676A23BA1}.Release|Any CPU.Build.0 = Release|Any CPU
	EndGlobalSection
	GlobalSection(SolutionProperties) = preSolution
		HideSolutionNode = FALSE
	EndGlobalSection
	GlobalSection(ExtensibilityGlobals) = postSolution
		SolutionGuid = {F38ECAB8-AA5A-4105-9FCC-8D88A75F5C6E}
	EndGlobalSection
EndGlobal
